<?xml version="1.0" encoding="utf-8"?>
<Project ToolsVersion="4.0" xmlns="http://schemas.microsoft.com/developer/msbuild/2003">
  <ItemGroup>
    <Filter Include="Source Files">
      <UniqueIdentifier>{4FC737F1-C7A5-4376-A066-2A32D752A2FF}</UniqueIdentifier>
      <Extensions>cpp;c;cc;cxx;def;odl;idl;hpj;bat;asm;asmx</Extensions>
    </Filter>
    <Filter Include="Header Files">
      <UniqueIdentifier>{93995380-89BD-4b04-88EB-625FBE52EBFB}</UniqueIdentifier>
      <Extensions>h;hh;hpp;hxx;hm;inl;inc;xsd</Extensions>
    </Filter>
    <Filter Include="Resource Files">
      <UniqueIdentifier>{67DA6AB6-F800-4c08-8B7A-83BB121AAD01}</UniqueIdentifier>
      <Extensions>rc;ico;cur;bmp;dlg;rc2;rct;bin;rgs;gif;jpg;jpeg;jpe;resx;tiff;tif;png;wav</Extensions>
    </Filter>
  </ItemGroup>
  <ItemGroup>
    <ClCompile Include="src\acquisition.cpp">
      <Filter>Source Files</Filter>
    </ClCompile>
    <ClCompile Include="src\matcreat.cpp">
      <Filter>Source Files</Filter>
    </ClCompile>
    <ClCompile Include="src\result_read_write.cpp">
      <Filter>Source Files</Filter>
    </ClCompile>
    <ClCompile Include="src\SDR.cpp">
      <Filter>Source Files</Filter>
    </ClCompile>
    <ClCompile Include="src\tracking.cpp">
      <Filter>Source Files</Filter>
    </ClCompile>
    <ClCompile Include="src\settings.cpp">
      <Filter>Source Files</Filter>
    </ClCompile>
    <ClCompile Include="src\gen_code.cpp">
      <Filter>Source Files</Filter>
    </ClCompile>
    <ClCompile Include="src\weak_acquisition.cpp">
      <Filter>Source Files</Filter>
    </ClCompile>
    <ClCompile Include="src\half_bit_acquisition.cpp">
      <Filter>Source Files</Filter>
    </ClCompile>
    <ClCompile Include="src\ddm_processing.cpp">
      <Filter>Source Files</Filter>
    </ClCompile>
  </ItemGroup>
  <ItemGroup>
    <ClInclude Include="hdr\acquisition.hpp">
      <Filter>Header Files</Filter>
    </ClInclude>
    <ClInclude Include="hdr\code_table.h">
      <Filter>Header Files</Filter>
    </ClInclude>
    <ClInclude Include="hdr\constants.h">
      <Filter>Header Files</Filter>
    </ClInclude>
    <ClInclude Include="hdr\matcreat.hpp">
      <Filter>Header Files</Filter>
    </ClInclude>
    <ClInclude Include="hdr\result_read_write.hpp">
      <Filter>Header Files</Filter>
    </ClInclude>
    <ClInclude Include="hdr\tracking.hpp">
      <Filter>Header Files</Filter>
    </ClInclude>
    <ClInclude Include="hdr\structures.hpp">
      <Filter>Header Files</Filter>
    </ClInclude>
    <ClInclude Include="hdr\settings.hpp">
      <Filter>Header Files</Filter>
    </ClInclude>
    <ClInclude Include="hdr\gen_code.hpp">
      <Filter>Source Files</Filter>
    </ClInclude>
    <ClInclude Include="hdr\weak_acquisition.hpp">
      <Filter>Header Files</Filter>
    </ClInclude>
    <ClInclude Include="hdr\timing.hpp">
      <Filter>Header Files</Filter>
    </ClInclude>
    <ClInclude Include="hdr\half_bit_acquisition.hpp">
      <Filter>Header Files</Filter>
    </ClInclude>
    <ClInclude Include="hdr\ddm_processing.h">
      <Filter>Header Files</Filter>
    </ClInclude>
    <ClInclude Include="fftw-3.3.5-dll64\fftw3.h">
      <Filter>Header Files</Filter>
    </ClInclude>
    <ClInclude Include="Header.h">
      <Filter>Header Files</Filter>
    </ClInclude>
    <ClInclude Include="mat.h">
      <Filter>Header Files</Filter>
    </ClInclude>
    <ClInclude Include="matrix.h">
      <Filter>Header Files</Filter>
    </ClInclude>
    <ClInclude Include="tmwtypes.h">
      <Filter>Header Files</Filter>
    </ClInclude>
  </ItemGroup>
</Project>