
Microsoft Visual Studio Solution File, Format Version 12.00
# Visual Studio Version 16
VisualStudioVersion = 16.0.29806.167
MinimumVisualStudioVersion = 10.0.40219.1
Project("{8BC9CEB8-8B4A-11D0-8D11-00A0C91BC942}") = "SDR", "SDR.vcxproj", "{821DAA70-E03C-473A-A1DD-D5EDF8563227}"
EndProject
Global
	GlobalSection(SolutionConfigurationPlatforms) = preSolution
		Debug|ARM = Debug|ARM
		Debug|x64 = Debug|x64
		Release|ARM = Release|ARM
		Release|x64 = Release|x64
	EndGlobalSection
	GlobalSection(ProjectConfigurationPlatforms) = postSolution
		{821DAA70-E03C-473A-A1DD-D5EDF8563227}.Debug|ARM.ActiveCfg = Debug|ARM
		{821DAA70-E03C-473A-A1DD-D5EDF8563227}.Debug|ARM.Build.0 = Debug|ARM
		{821DAA70-E03C-473A-A1DD-D5EDF8563227}.Debug|x64.ActiveCfg = Debug|x64
		{821DAA70-E03C-473A-A1DD-D5EDF8563227}.Debug|x64.Build.0 = Debug|x64
		{821DAA70-E03C-473A-A1DD-D5EDF8563227}.Release|ARM.ActiveCfg = Release|ARM
		{821DAA70-E03C-473A-A1DD-D5EDF8563227}.Release|ARM.Build.0 = Release|ARM
		{821DAA70-E03C-473A-A1DD-D5EDF8563227}.Release|x64.ActiveCfg = Release|x64
		{821DAA70-E03C-473A-A1DD-D5EDF8563227}.Release|x64.Build.0 = Release|x64
	EndGlobalSection
	GlobalSection(SolutionProperties) = preSolution
		HideSolutionNode = FALSE
	EndGlobalSection
	GlobalSection(ExtensibilityGlobals) = postSolution
		SolutionGuid = {A23F2CC7-DC75-43D8-84F6-2EB0CECE5E40}
	EndGlobalSection
EndGlobal
