<?xml version="1.0" encoding="utf-8"?>
<Project ToolsVersion="4.0" xmlns="http://schemas.microsoft.com/developer/msbuild/2003">
  <ItemGroup>
    <Filter Include="Source Files">
      <UniqueIdentifier>{4FC737F1-C7A5-4376-A066-2A32D752A2FF}</UniqueIdentifier>
      <Extensions>cpp;c;cc;cxx;c++;cppm;ixx;def;odl;idl;hpj;bat;asm;asmx</Extensions>
    </Filter>
    <Filter Include="Header Files">
      <UniqueIdentifier>{93995380-89BD-4b04-88EB-625FBE52EBFB}</UniqueIdentifier>
      <Extensions>h;hh;hpp;hxx;h++;hm;inl;inc;ipp;xsd</Extensions>
    </Filter>
    <Filter Include="Resource Files">
      <UniqueIdentifier>{67DA6AB6-F800-4c08-8B7A-83BB121AAD01}</UniqueIdentifier>
      <Extensions>rc;ico;cur;bmp;dlg;rc2;rct;bin;rgs;gif;jpg;jpeg;jpe;resx;tiff;tif;png;wav;mfcribbon-ms</Extensions>
    </Filter>
  </ItemGroup>
  <ItemGroup>
    <ClCompile Include="gnss_sdr.cpp">
      <Filter>Source Files</Filter>
    </ClCompile>
    <ClCompile Include="..\cfg\logger.cpp">
      <Filter>Source Files</Filter>
    </ClCompile>
    <ClCompile Include="..\post_process\post_process.cpp">
      <Filter>Source Files</Filter>
    </ClCompile>
    <ClCompile Include="..\post_process\post_process_norm_acq_parcode.cpp">
      <Filter>Source Files</Filter>
    </ClCompile>
    <ClCompile Include="..\post_process\post_process_weak_acq_dbzp.cpp">
      <Filter>Source Files</Filter>
    </ClCompile>
    <ClCompile Include="..\post_process\save_acquisition_results.cpp">
      <Filter>Source Files</Filter>
    </ClCompile>
    <ClCompile Include="..\pre_process\pre_process.cpp">
      <Filter>Source Files</Filter>
    </ClCompile>
    <ClCompile Include="..\pre_process\pre_process_norm_acq_parcode.cpp">
      <Filter>Source Files</Filter>
    </ClCompile>
    <ClCompile Include="..\pre_process\pre_process_weak_acq_dbzp.cpp">
      <Filter>Source Files</Filter>
    </ClCompile>
    <ClCompile Include="..\pre_process\read_file_data.cpp">
      <Filter>Source Files</Filter>
    </ClCompile>
    <ClCompile Include="..\process\acquisition\norm_acq_parcode.cpp">
      <Filter>Source Files</Filter>
    </ClCompile>
    <ClCompile Include="..\process\acquisition\weak_acq_dbzp.cpp">
      <Filter>Source Files</Filter>
    </ClCompile>
    <ClCompile Include="..\process\tracking\tracking.cpp">
      <Filter>Source Files</Filter>
    </ClCompile>
    <ClCompile Include="..\utils\gen_ca_code.cpp">
      <Filter>Source Files</Filter>
    </ClCompile>
    <ClCompile Include="..\cfg\config_sdr_params.cpp">
      <Filter>Source Files</Filter>
    </ClCompile>
    <ClCompile Include="..\process\process.cpp">
      <Filter>Source Files</Filter>
    </ClCompile>
  </ItemGroup>
  <ItemGroup>
    <ClInclude Include="..\cfg\config_sdr_params.h">
      <Filter>Header Files</Filter>
    </ClInclude>
    <ClInclude Include="..\cfg\logger.h">
      <Filter>Header Files</Filter>
    </ClInclude>
    <ClInclude Include="..\post_process\post_process.h">
      <Filter>Header Files</Filter>
    </ClInclude>
    <ClInclude Include="..\post_process\post_process_norm_acq_parcode.h">
      <Filter>Header Files</Filter>
    </ClInclude>
    <ClInclude Include="..\post_process\post_process_weak_acq_dbzp.h">
      <Filter>Header Files</Filter>
    </ClInclude>
    <ClInclude Include="..\post_process\save_acquisition_results.h">
      <Filter>Header Files</Filter>
    </ClInclude>
    <ClInclude Include="..\pre_process\pre_process.h">
      <Filter>Header Files</Filter>
    </ClInclude>
    <ClInclude Include="..\pre_process\pre_process_norm_acq_parcode.h">
      <Filter>Header Files</Filter>
    </ClInclude>
    <ClInclude Include="..\pre_process\pre_process_weak_acq_dbzp.h">
      <Filter>Header Files</Filter>
    </ClInclude>
    <ClInclude Include="..\pre_process\read_file_data.h">
      <Filter>Header Files</Filter>
    </ClInclude>
    <ClInclude Include="..\process\acquisition\norm_acq_parcode.h">
      <Filter>Header Files</Filter>
    </ClInclude>
    <ClInclude Include="..\process\acquisition\weak_acq_dbzp.h">
      <Filter>Header Files</Filter>
    </ClInclude>
    <ClInclude Include="..\process\tracking\tracking.h">
      <Filter>Header Files</Filter>
    </ClInclude>
    <ClInclude Include="..\utils\gen_ca_code.h">
      <Filter>Header Files</Filter>
    </ClInclude>
    <ClInclude Include="..\cfg\ca_code_table.h">
      <Filter>Header Files</Filter>
    </ClInclude>
    <ClInclude Include="..\process\process.h">
      <Filter>Header Files</Filter>
    </ClInclude>
  </ItemGroup>
</Project>